Microsoft Visual Studio Solution File, Format Version 12.00
# Visual Studio Version 17
VisualStudioVersion = 17.9.34622.214
MinimumVisualStudioVersion = 10.0.40219.1
Project("{FAE04EC0-301F-11D3-BF4B-00C04F79EFBC}") = "Game", "Src\Gamelab.csproj", "{40120799-30B6-412D-9136-9D32E0150E58}"
EndProject
Project("{FAE04EC0-301F-11D3-BF4B-00C04F79EFBC}") = "Tests", "Tests\Tests.csproj", "{53137E65-3F06-4771-AEF1-1D42BEB64A29}"
EndProject
Global
	GlobalSection(SolutionConfigurationPlatforms) = preSolution
		Debug|Any CPU = Debug|Any CPU
		Demo|Any CPU = Demo|Any CPU
		Release|Any CPU = Release|Any CPU
	EndGlobalSection
	GlobalSection(ProjectConfigurationPlatforms) = postSolution
		{40120799-30B6-412D-9136-9D32E0150E58}.Debug|Any CPU.ActiveCfg = Debug|Any CPU
		{40120799-30B6-412D-9136-9D32E0150E58}.Debug|Any CPU.Build.0 = Debug|Any CPU
		{40120799-30B6-412D-9136-9D32E0150E58}.Demo|Any CPU.ActiveCfg = Demo|Any CPU
		{40120799-30B6-412D-9136-9D32E0150E58}.Demo|Any CPU.Build.0 = Demo|Any CPU
		{40120799-30B6-412D-9136-9D32E0150E58}.Release|Any CPU.ActiveCfg = Release|Any CPU
		{40120799-30B6-412D-9136-9D32E0150E58}.Release|Any CPU.Build.0 = Release|Any CPU
		{53137E65-3F06-4771-AEF1-1D42BEB64A29}.Debug|Any CPU.ActiveCfg = Debug|Any CPU
		{53137E65-3F06-4771-AEF1-1D42BEB64A29}.Debug|Any CPU.Build.0 = Debug|Any CPU
		{53137E65-3F06-4771-AEF1-1D42BEB64A29}.Demo|Any CPU.ActiveCfg = Demo|Any CPU
		{53137E65-3F06-4771-AEF1-1D42BEB64A29}.Demo|Any CPU.Build.0 = Demo|Any CPU
		{53137E65-3F06-4771-AEF1-1D42BEB64A29}.Release|Any CPU.ActiveCfg = Release|Any CPU
		{53137E65-3F06-4771-AEF1-1D42BEB64A29}.Release|Any CPU.Build.0 = Release|Any CPU
	EndGlobalSection
	GlobalSection(SolutionProperties) = preSolution
		HideSolutionNode = FALSE
	EndGlobalSection
	GlobalSection(ExtensibilityGlobals) = postSolution
		SolutionGuid = {9D94325D-0388-45E1-A44A-2AF94854EBD6}
	EndGlobalSection
EndGlobal
